
Microsoft Visual Studio Solution File, Format Version 12.00
# Visual Studio Version 17
VisualStudioVersion = 17.6.33801.468
MinimumVisualStudioVersion = 10.0.40219.1
Project("{9A19103F-16F7-4668-BE54-9A1E7A4F7556}") = "Stage0", "Stage0\Stage0.csproj", "{8D5BD322-C35E-449C-B4F5-2219833F9068}"
EndProject
Project("{2150E333-8FDC-42A3-9474-1A3956D46DE8}") = "Solution Items", "Solution Items", "{6F22FA15-77B8-455F-8B62-68ED1A8997F3}"
	ProjectSection(SolutionItems) = preProject
		README.md = README.md
	EndProjectSection
EndProject
Project("{FAE04EC0-301F-11D3-BF4B-00C04F79EFBC}") = "DalFacade", "DalFacade\DalFacade.csproj", "{B8479A0C-4DB4-4B1F-AB8E-A0A7944D0DC2}"
EndProject
Project("{FAE04EC0-301F-11D3-BF4B-00C04F79EFBC}") = "DalList", "DalList\DalList.csproj", "{C69A2E67-3D01-4CCC-B52A-F5D7AA58E4C8}"
EndProject
Project("{FAE04EC0-301F-11D3-BF4B-00C04F79EFBC}") = "DalTest", "DalTest\DalTest.csproj", "{6F63C7D6-66FA-4D3C-802C-7674DEA857FB}"
EndProject
Global
	GlobalSection(SolutionConfigurationPlatforms) = preSolution
		Debug|Any CPU = Debug|Any CPU
		Release|Any CPU = Release|Any CPU
	EndGlobalSection
	GlobalSection(ProjectConfigurationPlatforms) = postSolution
		{8D5BD322-C35E-449C-B4F5-2219833F9068}.Debug|Any CPU.ActiveCfg = Debug|Any CPU
		{8D5BD322-C35E-449C-B4F5-2219833F9068}.Debug|Any CPU.Build.0 = Debug|Any CPU
		{8D5BD322-C35E-449C-B4F5-2219833F9068}.Release|Any CPU.ActiveCfg = Release|Any CPU
		{8D5BD322-C35E-449C-B4F5-2219833F9068}.Release|Any CPU.Build.0 = Release|Any CPU
		{B8479A0C-4DB4-4B1F-AB8E-A0A7944D0DC2}.Debug|Any CPU.ActiveCfg = Debug|Any CPU
		{B8479A0C-4DB4-4B1F-AB8E-A0A7944D0DC2}.Debug|Any CPU.Build.0 = Debug|Any CPU
		{B8479A0C-4DB4-4B1F-AB8E-A0A7944D0DC2}.Release|Any CPU.ActiveCfg = Release|Any CPU
		{B8479A0C-4DB4-4B1F-AB8E-A0A7944D0DC2}.Release|Any CPU.Build.0 = Release|Any CPU
		{C69A2E67-3D01-4CCC-B52A-F5D7AA58E4C8}.Debug|Any CPU.ActiveCfg = Debug|Any CPU
		{C69A2E67-3D01-4CCC-B52A-F5D7AA58E4C8}.Debug|Any CPU.Build.0 = Debug|Any CPU
		{C69A2E67-3D01-4CCC-B52A-F5D7AA58E4C8}.Release|Any CPU.ActiveCfg = Release|Any CPU
		{C69A2E67-3D01-4CCC-B52A-F5D7AA58E4C8}.Release|Any CPU.Build.0 = Release|Any CPU
		{6F63C7D6-66FA-4D3C-802C-7674DEA857FB}.Debug|Any CPU.ActiveCfg = Debug|Any CPU
		{6F63C7D6-66FA-4D3C-802C-7674DEA857FB}.Debug|Any CPU.Build.0 = Debug|Any CPU
		{6F63C7D6-66FA-4D3C-802C-7674DEA857FB}.Release|Any CPU.ActiveCfg = Release|Any CPU
		{6F63C7D6-66FA-4D3C-802C-7674DEA857FB}.Release|Any CPU.Build.0 = Release|Any CPU
	EndGlobalSection
	GlobalSection(SolutionProperties) = preSolution
		HideSolutionNode = FALSE
	EndGlobalSection
	GlobalSection(ExtensibilityGlobals) = postSolution
		SolutionGuid = {BF121524-7313-4801-AF4F-FB2D1598D4C8}
	EndGlobalSection
EndGlobal
